
Microsoft Visual Studio Solution File, Format Version 12.00
# Visual Studio Version 16
VisualStudioVersion = 16.0.31624.102
MinimumVisualStudioVersion = 10.0.40219.1
Project("{FAE04EC0-301F-11D3-BF4B-00C04F79EFBC}") = "HW3", "HW3\HW3.csproj", "{614CEC0E-F222-49B1-A34E-8C7D398C427D}"
EndProject
Global
	GlobalSection(SolutionConfigurationPlatforms) = preSolution
		Debug|Any CPU = Debug|Any CPU
		Release|Any CPU = Release|Any CPU
	EndGlobalSection
	GlobalSection(ProjectConfigurationPlatforms) = postSolution
		{614CEC0E-F222-49B1-A34E-8C7D398C427D}.Debug|Any CPU.ActiveCfg = Debug|Any CPU
		{614CEC0E-F222-49B1-A34E-8C7D398C427D}.Debug|Any CPU.Build.0 = Debug|Any CPU
		{614CEC0E-F222-49B1-A34E-8C7D398C427D}.Release|Any CPU.ActiveCfg = Release|Any CPU
		{614CEC0E-F222-49B1-A34E-8C7D398C427D}.Release|Any CPU.Build.0 = Release|Any CPU
	EndGlobalSection
	GlobalSection(SolutionProperties) = preSolution
		HideSolutionNode = FALSE
	EndGlobalSection
	GlobalSection(ExtensibilityGlobals) = postSolution
		SolutionGuid = {AB34AB55-C2BA-44DC-9FC9-ADF3456F3570}
	EndGlobalSection
EndGlobal
